
Microsoft Visual Studio Solution File, Format Version 12.00
# Visual Studio 14
VisualStudioVersion = 14.0.24720.0
MinimumVisualStudioVersion = 10.0.40219.1
Project("{FAE04EC0-301F-11D3-BF4B-00C04F79EFBC}") = "JEHomeTask", "JEHomeTask\JEHomeTask.csproj", "{C08F8785-7D9E-4CB3-9861-8D1ED89B8302}"
EndProject
Global
	GlobalSection(SolutionConfigurationPlatforms) = preSolution
		Debug|Any CPU = Debug|Any CPU
		Release|Any CPU = Release|Any CPU
	EndGlobalSection
	GlobalSection(ProjectConfigurationPlatforms) = postSolution
		{C08F8785-7D9E-4CB3-9861-8D1ED89B8302}.Debug|Any CPU.ActiveCfg = Debug|Any CPU
		{C08F8785-7D9E-4CB3-9861-8D1ED89B8302}.Debug|Any CPU.Build.0 = Debug|Any CPU
		{C08F8785-7D9E-4CB3-9861-8D1ED89B8302}.Release|Any CPU.ActiveCfg = Release|Any CPU
		{C08F8785-7D9E-4CB3-9861-8D1ED89B8302}.Release|Any CPU.Build.0 = Release|Any CPU
	EndGlobalSection
	GlobalSection(SolutionProperties) = preSolution
		HideSolutionNode = FALSE
	EndGlobalSection
EndGlobal
